
Microsoft Visual Studio Solution File, Format Version 12.00
# Visual Studio 14
VisualStudioVersion = 14.0.25123.0
MinimumVisualStudioVersion = 10.0.40219.1
Project("{FAE04EC0-301F-11D3-BF4B-00C04F79EFBC}") = "XrefManager", "AddXref\XrefManager.csproj", "{B605AE21-A1E2-4FEC-9D03-96D373A30FF8}"
EndProject
Project("{FAE04EC0-301F-11D3-BF4B-00C04F79EFBC}") = "TestXrefManager", "TestXrefManager\TestXrefManager.csproj", "{88ED791C-6B8F-42D6-AC7A-906BB9411011}"
EndProject
Project("{FAE04EC0-301F-11D3-BF4B-00C04F79EFBC}") = "LayerConfigEditor", "LayerConfigEditor\LayerConfigEditor.csproj", "{F3171BB5-555C-4482-95AD-2A56932DC750}"
EndProject
Project("{2150E333-8FDC-42A3-9474-1A3956D46DE8}") = "Projects", "Projects", "{217D7E6E-7E4F-43E4-A618-6B99C6B6745E}"
EndProject
Project("{2150E333-8FDC-42A3-9474-1A3956D46DE8}") = "Tests", "Tests", "{D97EB186-5AAC-46F2-9FEC-221B4F372E23}"
EndProject
Project("{FAE04EC0-301F-11D3-BF4B-00C04F79EFBC}") = "LayerFilterFromSelectedObjectWindow", "LayerFilterFromSelectedObjectWindow\LayerFilterFromSelectedObjectWindow.csproj", "{72C421EE-51BD-4F0E-9B6F-F27D10148198}"
EndProject
Project("{FAE04EC0-301F-11D3-BF4B-00C04F79EFBC}") = "TestLayerFilterFromSelectedObjectWindow", "TestLayerFilterFromSelectedObjectWindow\TestLayerFilterFromSelectedObjectWindow.csproj", "{E3A6F58D-5F1C-4F5A-B0BA-CEEE5490FE99}"
EndProject
Project("{FAE04EC0-301F-11D3-BF4B-00C04F79EFBC}") = "TestLayerConfigEditor", "TestLayerFilterEditor\TestLayerConfigEditor.csproj", "{B2338758-8307-436C-8D41-74320339058A}"
EndProject
Global
	GlobalSection(SolutionConfigurationPlatforms) = preSolution
		Debug|Any CPU = Debug|Any CPU
		Debug|x64 = Debug|x64
		Debug|x86 = Debug|x86
		Release|Any CPU = Release|Any CPU
		Release|x64 = Release|x64
		Release|x86 = Release|x86
	EndGlobalSection
	GlobalSection(ProjectConfigurationPlatforms) = postSolution
		{B605AE21-A1E2-4FEC-9D03-96D373A30FF8}.Debug|Any CPU.ActiveCfg = Debug|Any CPU
		{B605AE21-A1E2-4FEC-9D03-96D373A30FF8}.Debug|Any CPU.Build.0 = Debug|Any CPU
		{B605AE21-A1E2-4FEC-9D03-96D373A30FF8}.Debug|x64.ActiveCfg = Debug|x64
		{B605AE21-A1E2-4FEC-9D03-96D373A30FF8}.Debug|x64.Build.0 = Debug|x64
		{B605AE21-A1E2-4FEC-9D03-96D373A30FF8}.Debug|x86.ActiveCfg = Debug|x86
		{B605AE21-A1E2-4FEC-9D03-96D373A30FF8}.Debug|x86.Build.0 = Debug|x86
		{B605AE21-A1E2-4FEC-9D03-96D373A30FF8}.Release|Any CPU.ActiveCfg = Release|Any CPU
		{B605AE21-A1E2-4FEC-9D03-96D373A30FF8}.Release|Any CPU.Build.0 = Release|Any CPU
		{B605AE21-A1E2-4FEC-9D03-96D373A30FF8}.Release|x64.ActiveCfg = Release|x64
		{B605AE21-A1E2-4FEC-9D03-96D373A30FF8}.Release|x64.Build.0 = Release|x64
		{B605AE21-A1E2-4FEC-9D03-96D373A30FF8}.Release|x86.ActiveCfg = Release|x86
		{B605AE21-A1E2-4FEC-9D03-96D373A30FF8}.Release|x86.Build.0 = Release|x86
		{88ED791C-6B8F-42D6-AC7A-906BB9411011}.Debug|Any CPU.ActiveCfg = Debug|Any CPU
		{88ED791C-6B8F-42D6-AC7A-906BB9411011}.Debug|Any CPU.Build.0 = Debug|Any CPU
		{88ED791C-6B8F-42D6-AC7A-906BB9411011}.Debug|x64.ActiveCfg = Debug|x64
		{88ED791C-6B8F-42D6-AC7A-906BB9411011}.Debug|x64.Build.0 = Debug|x64
		{88ED791C-6B8F-42D6-AC7A-906BB9411011}.Debug|x86.ActiveCfg = Debug|x86
		{88ED791C-6B8F-42D6-AC7A-906BB9411011}.Debug|x86.Build.0 = Debug|x86
		{88ED791C-6B8F-42D6-AC7A-906BB9411011}.Release|Any CPU.ActiveCfg = Release|Any CPU
		{88ED791C-6B8F-42D6-AC7A-906BB9411011}.Release|Any CPU.Build.0 = Release|Any CPU
		{88ED791C-6B8F-42D6-AC7A-906BB9411011}.Release|x64.ActiveCfg = Release|x64
		{88ED791C-6B8F-42D6-AC7A-906BB9411011}.Release|x64.Build.0 = Release|x64
		{88ED791C-6B8F-42D6-AC7A-906BB9411011}.Release|x86.ActiveCfg = Release|x86
		{88ED791C-6B8F-42D6-AC7A-906BB9411011}.Release|x86.Build.0 = Release|x86
		{F3171BB5-555C-4482-95AD-2A56932DC750}.Debug|Any CPU.ActiveCfg = Debug|Any CPU
		{F3171BB5-555C-4482-95AD-2A56932DC750}.Debug|Any CPU.Build.0 = Debug|Any CPU
		{F3171BB5-555C-4482-95AD-2A56932DC750}.Debug|x64.ActiveCfg = Debug|x64
		{F3171BB5-555C-4482-95AD-2A56932DC750}.Debug|x64.Build.0 = Debug|x64
		{F3171BB5-555C-4482-95AD-2A56932DC750}.Debug|x86.ActiveCfg = Debug|x86
		{F3171BB5-555C-4482-95AD-2A56932DC750}.Debug|x86.Build.0 = Debug|x86
		{F3171BB5-555C-4482-95AD-2A56932DC750}.Release|Any CPU.ActiveCfg = Release|Any CPU
		{F3171BB5-555C-4482-95AD-2A56932DC750}.Release|Any CPU.Build.0 = Release|Any CPU
		{F3171BB5-555C-4482-95AD-2A56932DC750}.Release|x64.ActiveCfg = Release|x64
		{F3171BB5-555C-4482-95AD-2A56932DC750}.Release|x64.Build.0 = Release|x64
		{F3171BB5-555C-4482-95AD-2A56932DC750}.Release|x86.ActiveCfg = Release|x86
		{F3171BB5-555C-4482-95AD-2A56932DC750}.Release|x86.Build.0 = Release|x86
		{72C421EE-51BD-4F0E-9B6F-F27D10148198}.Debug|Any CPU.ActiveCfg = Debug|Any CPU
		{72C421EE-51BD-4F0E-9B6F-F27D10148198}.Debug|Any CPU.Build.0 = Debug|Any CPU
		{72C421EE-51BD-4F0E-9B6F-F27D10148198}.Debug|x64.ActiveCfg = Debug|x64
		{72C421EE-51BD-4F0E-9B6F-F27D10148198}.Debug|x64.Build.0 = Debug|x64
		{72C421EE-51BD-4F0E-9B6F-F27D10148198}.Debug|x86.ActiveCfg = Debug|x86
		{72C421EE-51BD-4F0E-9B6F-F27D10148198}.Debug|x86.Build.0 = Debug|x86
		{72C421EE-51BD-4F0E-9B6F-F27D10148198}.Release|Any CPU.ActiveCfg = Release|Any CPU
		{72C421EE-51BD-4F0E-9B6F-F27D10148198}.Release|Any CPU.Build.0 = Release|Any CPU
		{72C421EE-51BD-4F0E-9B6F-F27D10148198}.Release|x64.ActiveCfg = Release|x64
		{72C421EE-51BD-4F0E-9B6F-F27D10148198}.Release|x64.Build.0 = Release|x64
		{72C421EE-51BD-4F0E-9B6F-F27D10148198}.Release|x86.ActiveCfg = Release|x86
		{72C421EE-51BD-4F0E-9B6F-F27D10148198}.Release|x86.Build.0 = Release|x86
		{E3A6F58D-5F1C-4F5A-B0BA-CEEE5490FE99}.Debug|Any CPU.ActiveCfg = Debug|Any CPU
		{E3A6F58D-5F1C-4F5A-B0BA-CEEE5490FE99}.Debug|Any CPU.Build.0 = Debug|Any CPU
		{E3A6F58D-5F1C-4F5A-B0BA-CEEE5490FE99}.Debug|x64.ActiveCfg = Debug|x64
		{E3A6F58D-5F1C-4F5A-B0BA-CEEE5490FE99}.Debug|x64.Build.0 = Debug|x64
		{E3A6F58D-5F1C-4F5A-B0BA-CEEE5490FE99}.Debug|x86.ActiveCfg = Debug|x86
		{E3A6F58D-5F1C-4F5A-B0BA-CEEE5490FE99}.Debug|x86.Build.0 = Debug|x86
		{E3A6F58D-5F1C-4F5A-B0BA-CEEE5490FE99}.Release|Any CPU.ActiveCfg = Release|Any CPU
		{E3A6F58D-5F1C-4F5A-B0BA-CEEE5490FE99}.Release|Any CPU.Build.0 = Release|Any CPU
		{E3A6F58D-5F1C-4F5A-B0BA-CEEE5490FE99}.Release|x64.ActiveCfg = Release|x64
		{E3A6F58D-5F1C-4F5A-B0BA-CEEE5490FE99}.Release|x64.Build.0 = Release|x64
		{E3A6F58D-5F1C-4F5A-B0BA-CEEE5490FE99}.Release|x86.ActiveCfg = Release|x86
		{E3A6F58D-5F1C-4F5A-B0BA-CEEE5490FE99}.Release|x86.Build.0 = Release|x86
		{B2338758-8307-436C-8D41-74320339058A}.Debug|Any CPU.ActiveCfg = Debug|Any CPU
		{B2338758-8307-436C-8D41-74320339058A}.Debug|Any CPU.Build.0 = Debug|Any CPU
		{B2338758-8307-436C-8D41-74320339058A}.Debug|x64.ActiveCfg = Debug|Any CPU
		{B2338758-8307-436C-8D41-74320339058A}.Debug|x64.Build.0 = Debug|Any CPU
		{B2338758-8307-436C-8D41-74320339058A}.Debug|x86.ActiveCfg = Debug|Any CPU
		{B2338758-8307-436C-8D41-74320339058A}.Debug|x86.Build.0 = Debug|Any CPU
		{B2338758-8307-436C-8D41-74320339058A}.Release|Any CPU.ActiveCfg = Release|Any CPU
		{B2338758-8307-436C-8D41-74320339058A}.Release|Any CPU.Build.0 = Release|Any CPU
		{B2338758-8307-436C-8D41-74320339058A}.Release|x64.ActiveCfg = Release|Any CPU
		{B2338758-8307-436C-8D41-74320339058A}.Release|x64.Build.0 = Release|Any CPU
		{B2338758-8307-436C-8D41-74320339058A}.Release|x86.ActiveCfg = Release|Any CPU
		{B2338758-8307-436C-8D41-74320339058A}.Release|x86.Build.0 = Release|Any CPU
	EndGlobalSection
	GlobalSection(SolutionProperties) = preSolution
		HideSolutionNode = FALSE
	EndGlobalSection
	GlobalSection(NestedProjects) = preSolution
		{B605AE21-A1E2-4FEC-9D03-96D373A30FF8} = {217D7E6E-7E4F-43E4-A618-6B99C6B6745E}
		{88ED791C-6B8F-42D6-AC7A-906BB9411011} = {D97EB186-5AAC-46F2-9FEC-221B4F372E23}
		{F3171BB5-555C-4482-95AD-2A56932DC750} = {217D7E6E-7E4F-43E4-A618-6B99C6B6745E}
		{72C421EE-51BD-4F0E-9B6F-F27D10148198} = {217D7E6E-7E4F-43E4-A618-6B99C6B6745E}
		{E3A6F58D-5F1C-4F5A-B0BA-CEEE5490FE99} = {D97EB186-5AAC-46F2-9FEC-221B4F372E23}
		{B2338758-8307-436C-8D41-74320339058A} = {D97EB186-5AAC-46F2-9FEC-221B4F372E23}
	EndGlobalSection
EndGlobal
