
Microsoft Visual Studio Solution File, Format Version 12.00
# Visual Studio 14
VisualStudioVersion = 14.0.25123.0
MinimumVisualStudioVersion = 10.0.40219.1
Project("{FAE04EC0-301F-11D3-BF4B-00C04F79EFBC}") = "DrawingManagerApp", "DrawingManagerApp\DrawingManagerApp.csproj", "{B4623041-A7F3-4F77-B776-844BFB1CEA75}"
EndProject
Project("{FAE04EC0-301F-11D3-BF4B-00C04F79EFBC}") = "DrawingManagerDll", "DrawingManagerDll\DrawingManagerDll.csproj", "{F7C58349-140C-406A-AA85-F7FF480F3E54}"
EndProject
Project("{FAE04EC0-301F-11D3-BF4B-00C04F79EFBC}") = "TestDrawingManagerDLL", "TestDrawingManagerDLL\TestDrawingManagerDLL.csproj", "{C2878462-75EC-4128-92E2-18FFA0E6C11B}"
EndProject
Project("{FAE04EC0-301F-11D3-BF4B-00C04F79EFBC}") = "XrefManager", "AddXref\XrefManager.csproj", "{B605AE21-A1E2-4FEC-9D03-96D373A30FF8}"
EndProject
Project("{FAE04EC0-301F-11D3-BF4B-00C04F79EFBC}") = "TestProj", "TestProj\TestProj.csproj", "{E2EC02E1-F2FF-400A-A09B-D04B625764D9}"
EndProject
Project("{FAE04EC0-301F-11D3-BF4B-00C04F79EFBC}") = "TestXrefManager", "TestXrefManager\TestXrefManager.csproj", "{88ED791C-6B8F-42D6-AC7A-906BB9411011}"
EndProject
Global
	GlobalSection(SolutionConfigurationPlatforms) = preSolution
		Debug|Any CPU = Debug|Any CPU
		Release|Any CPU = Release|Any CPU
	EndGlobalSection
	GlobalSection(ProjectConfigurationPlatforms) = postSolution
		{B4623041-A7F3-4F77-B776-844BFB1CEA75}.Debug|Any CPU.ActiveCfg = Debug|Any CPU
		{B4623041-A7F3-4F77-B776-844BFB1CEA75}.Debug|Any CPU.Build.0 = Debug|Any CPU
		{B4623041-A7F3-4F77-B776-844BFB1CEA75}.Release|Any CPU.ActiveCfg = Release|Any CPU
		{B4623041-A7F3-4F77-B776-844BFB1CEA75}.Release|Any CPU.Build.0 = Release|Any CPU
		{F7C58349-140C-406A-AA85-F7FF480F3E54}.Debug|Any CPU.ActiveCfg = Debug|Any CPU
		{F7C58349-140C-406A-AA85-F7FF480F3E54}.Debug|Any CPU.Build.0 = Debug|Any CPU
		{F7C58349-140C-406A-AA85-F7FF480F3E54}.Release|Any CPU.ActiveCfg = Release|Any CPU
		{F7C58349-140C-406A-AA85-F7FF480F3E54}.Release|Any CPU.Build.0 = Release|Any CPU
		{C2878462-75EC-4128-92E2-18FFA0E6C11B}.Debug|Any CPU.ActiveCfg = Debug|Any CPU
		{C2878462-75EC-4128-92E2-18FFA0E6C11B}.Debug|Any CPU.Build.0 = Debug|Any CPU
		{C2878462-75EC-4128-92E2-18FFA0E6C11B}.Release|Any CPU.ActiveCfg = Release|Any CPU
		{C2878462-75EC-4128-92E2-18FFA0E6C11B}.Release|Any CPU.Build.0 = Release|Any CPU
		{B605AE21-A1E2-4FEC-9D03-96D373A30FF8}.Debug|Any CPU.ActiveCfg = Debug|Any CPU
		{B605AE21-A1E2-4FEC-9D03-96D373A30FF8}.Debug|Any CPU.Build.0 = Debug|Any CPU
		{B605AE21-A1E2-4FEC-9D03-96D373A30FF8}.Release|Any CPU.ActiveCfg = Release|Any CPU
		{B605AE21-A1E2-4FEC-9D03-96D373A30FF8}.Release|Any CPU.Build.0 = Release|Any CPU
		{E2EC02E1-F2FF-400A-A09B-D04B625764D9}.Debug|Any CPU.ActiveCfg = Debug|Any CPU
		{E2EC02E1-F2FF-400A-A09B-D04B625764D9}.Debug|Any CPU.Build.0 = Debug|Any CPU
		{E2EC02E1-F2FF-400A-A09B-D04B625764D9}.Release|Any CPU.ActiveCfg = Release|Any CPU
		{E2EC02E1-F2FF-400A-A09B-D04B625764D9}.Release|Any CPU.Build.0 = Release|Any CPU
		{88ED791C-6B8F-42D6-AC7A-906BB9411011}.Debug|Any CPU.ActiveCfg = Debug|Any CPU
		{88ED791C-6B8F-42D6-AC7A-906BB9411011}.Debug|Any CPU.Build.0 = Debug|Any CPU
		{88ED791C-6B8F-42D6-AC7A-906BB9411011}.Release|Any CPU.ActiveCfg = Release|Any CPU
		{88ED791C-6B8F-42D6-AC7A-906BB9411011}.Release|Any CPU.Build.0 = Release|Any CPU
	EndGlobalSection
	GlobalSection(SolutionProperties) = preSolution
		HideSolutionNode = FALSE
	EndGlobalSection
EndGlobal
