
Microsoft Visual Studio Solution File, Format Version 12.00
# Visual Studio 14
VisualStudioVersion = 14.0.25420.1
MinimumVisualStudioVersion = 10.0.40219.1
Project("{FAE04EC0-301F-11D3-BF4B-00C04F79EFBC}") = "XrefManager", "AddXref\XrefManager.csproj", "{B605AE21-A1E2-4FEC-9D03-96D373A30FF8}"
EndProject
Project("{FAE04EC0-301F-11D3-BF4B-00C04F79EFBC}") = "TestXrefManager", "TestXrefManager\TestXrefManager.csproj", "{88ED791C-6B8F-42D6-AC7A-906BB9411011}"
EndProject
Project("{FAE04EC0-301F-11D3-BF4B-00C04F79EFBC}") = "LayerConfigEditor", "LayerConfigEditor\LayerConfigEditor.csproj", "{F3171BB5-555C-4482-95AD-2A56932DC750}"
EndProject
Global
	GlobalSection(SolutionConfigurationPlatforms) = preSolution
		Debug|Any CPU = Debug|Any CPU
		Release|Any CPU = Release|Any CPU
	EndGlobalSection
	GlobalSection(ProjectConfigurationPlatforms) = postSolution
		{B605AE21-A1E2-4FEC-9D03-96D373A30FF8}.Debug|Any CPU.ActiveCfg = Debug|Any CPU
		{B605AE21-A1E2-4FEC-9D03-96D373A30FF8}.Debug|Any CPU.Build.0 = Debug|Any CPU
		{B605AE21-A1E2-4FEC-9D03-96D373A30FF8}.Release|Any CPU.ActiveCfg = Release|Any CPU
		{B605AE21-A1E2-4FEC-9D03-96D373A30FF8}.Release|Any CPU.Build.0 = Release|Any CPU
		{88ED791C-6B8F-42D6-AC7A-906BB9411011}.Debug|Any CPU.ActiveCfg = Debug|Any CPU
		{88ED791C-6B8F-42D6-AC7A-906BB9411011}.Debug|Any CPU.Build.0 = Debug|Any CPU
		{88ED791C-6B8F-42D6-AC7A-906BB9411011}.Release|Any CPU.ActiveCfg = Release|Any CPU
		{88ED791C-6B8F-42D6-AC7A-906BB9411011}.Release|Any CPU.Build.0 = Release|Any CPU
		{F3171BB5-555C-4482-95AD-2A56932DC750}.Debug|Any CPU.ActiveCfg = Debug|Any CPU
		{F3171BB5-555C-4482-95AD-2A56932DC750}.Debug|Any CPU.Build.0 = Debug|Any CPU
		{F3171BB5-555C-4482-95AD-2A56932DC750}.Release|Any CPU.ActiveCfg = Release|Any CPU
		{F3171BB5-555C-4482-95AD-2A56932DC750}.Release|Any CPU.Build.0 = Release|Any CPU
	EndGlobalSection
	GlobalSection(SolutionProperties) = preSolution
		HideSolutionNode = FALSE
	EndGlobalSection
EndGlobal
